
Microsoft Visual Studio Solution File, Format Version 12.00
# Visual Studio Version 17
VisualStudioVersion = 17.0.32112.339
MinimumVisualStudioVersion = 10.0.40219.1
Project("{FAE04EC0-301F-11D3-BF4B-00C04F79EFBC}") = "ExamenParcial", "ExamenParcial.csproj", "{0DCA9C0F-CBBB-4292-89E1-5CA6B083623F}"
EndProject
Global
	GlobalSection(SolutionConfigurationPlatforms) = preSolution
		Debug|Any CPU = Debug|Any CPU
		Release|Any CPU = Release|Any CPU
	EndGlobalSection
	GlobalSection(ProjectConfigurationPlatforms) = postSolution
		{0DCA9C0F-CBBB-4292-89E1-5CA6B083623F}.Debug|Any CPU.ActiveCfg = Debug|Any CPU
		{0DCA9C0F-CBBB-4292-89E1-5CA6B083623F}.Debug|Any CPU.Build.0 = Debug|Any CPU
		{0DCA9C0F-CBBB-4292-89E1-5CA6B083623F}.Release|Any CPU.ActiveCfg = Release|Any CPU
		{0DCA9C0F-CBBB-4292-89E1-5CA6B083623F}.Release|Any CPU.Build.0 = Release|Any CPU
	EndGlobalSection
	GlobalSection(SolutionProperties) = preSolution
		HideSolutionNode = FALSE
	EndGlobalSection
	GlobalSection(ExtensibilityGlobals) = postSolution
		SolutionGuid = {521CAC28-7E9F-4F2A-8A15-BBCB80258DC2}
	EndGlobalSection
EndGlobal
